
Microsoft Visual Studio Solution File, Format Version 12.00
# Visual Studio Version 17
VisualStudioVersion = 17.7.34202.233
MinimumVisualStudioVersion = 10.0.40219.1
Project("{9A19103F-16F7-4668-BE54-9A1E7A4F7556}") = "AirlineBookingApp", "WinForms\AirlineBookingApp.csproj", "{6703B302-F9FE-48A5-A09B-66C22CA364FE}"
EndProject
Global
	GlobalSection(SolutionConfigurationPlatforms) = preSolution
		Debug|Any CPU = Debug|Any CPU
		Release|Any CPU = Release|Any CPU
	EndGlobalSection
	GlobalSection(ProjectConfigurationPlatforms) = postSolution
		{6703B302-F9FE-48A5-A09B-66C22CA364FE}.Debug|Any CPU.ActiveCfg = Debug|Any CPU
		{6703B302-F9FE-48A5-A09B-66C22CA364FE}.Debug|Any CPU.Build.0 = Debug|Any CPU
		{6703B302-F9FE-48A5-A09B-66C22CA364FE}.Release|Any CPU.ActiveCfg = Release|Any CPU
		{6703B302-F9FE-48A5-A09B-66C22CA364FE}.Release|Any CPU.Build.0 = Release|Any CPU
	EndGlobalSection
	GlobalSection(SolutionProperties) = preSolution
		HideSolutionNode = FALSE
	EndGlobalSection
	GlobalSection(ExtensibilityGlobals) = postSolution
		SolutionGuid = {8B9E0690-448E-42D1-92E4-2126575D54BC}
	EndGlobalSection
EndGlobal
