
Microsoft Visual Studio Solution File, Format Version 12.00
# Visual Studio Version 17
VisualStudioVersion = 17.7.34202.233
MinimumVisualStudioVersion = 10.0.40219.1
Project("{FAE04EC0-301F-11D3-BF4B-00C04F79EFBC}") = "Laptop_LINQ", "Laptop_LINQ.csproj", "{D449676B-2715-47A2-89FF-A1AE7827C3DB}"
EndProject
Global
	GlobalSection(SolutionConfigurationPlatforms) = preSolution
		Debug|Any CPU = Debug|Any CPU
		Release|Any CPU = Release|Any CPU
	EndGlobalSection
	GlobalSection(ProjectConfigurationPlatforms) = postSolution
		{D449676B-2715-47A2-89FF-A1AE7827C3DB}.Debug|Any CPU.ActiveCfg = Debug|Any CPU
		{D449676B-2715-47A2-89FF-A1AE7827C3DB}.Debug|Any CPU.Build.0 = Debug|Any CPU
		{D449676B-2715-47A2-89FF-A1AE7827C3DB}.Release|Any CPU.ActiveCfg = Release|Any CPU
		{D449676B-2715-47A2-89FF-A1AE7827C3DB}.Release|Any CPU.Build.0 = Release|Any CPU
	EndGlobalSection
	GlobalSection(SolutionProperties) = preSolution
		HideSolutionNode = FALSE
	EndGlobalSection
	GlobalSection(ExtensibilityGlobals) = postSolution
		SolutionGuid = {BB6A9CE4-0E2D-44AF-AD79-22A268E72CD3}
	EndGlobalSection
EndGlobal
